
Microsoft Visual Studio Solution File, Format Version 12.00
# Visual Studio Version 16
VisualStudioVersion = 16.0.30907.101
MinimumVisualStudioVersion = 10.0.40219.1
Project("{FAE04EC0-301F-11D3-BF4B-00C04F79EFBC}") = "CodeSnippets", "CodeSnippets\CodeSnippets.csproj", "{FBB7099F-5E53-40EF-BA9A-826D8896587D}"
EndProject
Global
	GlobalSection(SolutionConfigurationPlatforms) = preSolution
		Debug|Any CPU = Debug|Any CPU
		Release|Any CPU = Release|Any CPU
	EndGlobalSection
	GlobalSection(ProjectConfigurationPlatforms) = postSolution
		{FBB7099F-5E53-40EF-BA9A-826D8896587D}.Debug|Any CPU.ActiveCfg = Debug|Any CPU
		{FBB7099F-5E53-40EF-BA9A-826D8896587D}.Debug|Any CPU.Build.0 = Debug|Any CPU
		{FBB7099F-5E53-40EF-BA9A-826D8896587D}.Release|Any CPU.ActiveCfg = Release|Any CPU
		{FBB7099F-5E53-40EF-BA9A-826D8896587D}.Release|Any CPU.Build.0 = Release|Any CPU
	EndGlobalSection
	GlobalSection(SolutionProperties) = preSolution
		HideSolutionNode = FALSE
	EndGlobalSection
	GlobalSection(ExtensibilityGlobals) = postSolution
		SolutionGuid = {D8ABAC1B-0600-4CCE-ABB5-B8240D698606}
	EndGlobalSection
EndGlobal
